
Microsoft Visual Studio Solution File, Format Version 12.00
# Visual Studio 2012
Project("{FAE04EC0-301F-11D3-BF4B-00C04F79EFBC}") = "IFCVisualiser", "IFCVisualiser\IFCVisualiser.csproj", "{42616BCA-B47E-4E27-BE62-C17020BD5AD5}"
EndProject
Global
	GlobalSection(SolutionConfigurationPlatforms) = preSolution
		Debug64|x64 = Debug64|x64
		Release|x64 = Release|x64
	EndGlobalSection
	GlobalSection(ProjectConfigurationPlatforms) = postSolution
		{42616BCA-B47E-4E27-BE62-C17020BD5AD5}.Debug64|x64.ActiveCfg = Debug64|x64
		{42616BCA-B47E-4E27-BE62-C17020BD5AD5}.Debug64|x64.Build.0 = Debug64|x64
		{42616BCA-B47E-4E27-BE62-C17020BD5AD5}.Release|x64.ActiveCfg = Release|x64
		{42616BCA-B47E-4E27-BE62-C17020BD5AD5}.Release|x64.Build.0 = Release|x64
	EndGlobalSection
	GlobalSection(SolutionProperties) = preSolution
		HideSolutionNode = FALSE
	EndGlobalSection
EndGlobal
